
Microsoft Visual Studio Solution File, Format Version 12.00
# Visual Studio Version 16
VisualStudioVersion = 16.0.30717.126
MinimumVisualStudioVersion = 10.0.40219.1
Project("{FAE04EC0-301F-11D3-BF4B-00C04F79EFBC}") = "CShapeFileMgr", "CShapeFileMgr\CShapeFileMgr.csproj", "{9C6C667F-AB6A-47F1-B604-22082081117E}"
EndProject
Project("{8BC9CEB8-8B4A-11D0-8D11-00A0C91BC942}") = "CppFileMgr", "CppFileMgr\CppFileMgr.vcxproj", "{4D8ABA6F-4C41-4F76-8061-C6AC5C2B8D0A}"
EndProject
Global
	GlobalSection(SolutionConfigurationPlatforms) = preSolution
		Debug|Any CPU = Debug|Any CPU
		Debug|x64 = Debug|x64
		Debug|x86 = Debug|x86
		Release|Any CPU = Release|Any CPU
		Release|x64 = Release|x64
		Release|x86 = Release|x86
	EndGlobalSection
	GlobalSection(ProjectConfigurationPlatforms) = postSolution
		{9C6C667F-AB6A-47F1-B604-22082081117E}.Debug|Any CPU.ActiveCfg = Debug|Any CPU
		{9C6C667F-AB6A-47F1-B604-22082081117E}.Debug|Any CPU.Build.0 = Debug|Any CPU
		{9C6C667F-AB6A-47F1-B604-22082081117E}.Debug|x64.ActiveCfg = Debug|Any CPU
		{9C6C667F-AB6A-47F1-B604-22082081117E}.Debug|x64.Build.0 = Debug|Any CPU
		{9C6C667F-AB6A-47F1-B604-22082081117E}.Debug|x86.ActiveCfg = Debug|Any CPU
		{9C6C667F-AB6A-47F1-B604-22082081117E}.Debug|x86.Build.0 = Debug|Any CPU
		{9C6C667F-AB6A-47F1-B604-22082081117E}.Release|Any CPU.ActiveCfg = Release|Any CPU
		{9C6C667F-AB6A-47F1-B604-22082081117E}.Release|Any CPU.Build.0 = Release|Any CPU
		{9C6C667F-AB6A-47F1-B604-22082081117E}.Release|x64.ActiveCfg = Release|Any CPU
		{9C6C667F-AB6A-47F1-B604-22082081117E}.Release|x64.Build.0 = Release|Any CPU
		{9C6C667F-AB6A-47F1-B604-22082081117E}.Release|x86.ActiveCfg = Release|Any CPU
		{9C6C667F-AB6A-47F1-B604-22082081117E}.Release|x86.Build.0 = Release|Any CPU
		{4D8ABA6F-4C41-4F76-8061-C6AC5C2B8D0A}.Debug|Any CPU.ActiveCfg = Debug|Win32
		{4D8ABA6F-4C41-4F76-8061-C6AC5C2B8D0A}.Debug|x64.ActiveCfg = Debug|x64
		{4D8ABA6F-4C41-4F76-8061-C6AC5C2B8D0A}.Debug|x64.Build.0 = Debug|x64
		{4D8ABA6F-4C41-4F76-8061-C6AC5C2B8D0A}.Debug|x86.ActiveCfg = Debug|Win32
		{4D8ABA6F-4C41-4F76-8061-C6AC5C2B8D0A}.Debug|x86.Build.0 = Debug|Win32
		{4D8ABA6F-4C41-4F76-8061-C6AC5C2B8D0A}.Release|Any CPU.ActiveCfg = Release|Win32
		{4D8ABA6F-4C41-4F76-8061-C6AC5C2B8D0A}.Release|x64.ActiveCfg = Release|x64
		{4D8ABA6F-4C41-4F76-8061-C6AC5C2B8D0A}.Release|x64.Build.0 = Release|x64
		{4D8ABA6F-4C41-4F76-8061-C6AC5C2B8D0A}.Release|x86.ActiveCfg = Release|Win32
		{4D8ABA6F-4C41-4F76-8061-C6AC5C2B8D0A}.Release|x86.Build.0 = Release|Win32
	EndGlobalSection
	GlobalSection(SolutionProperties) = preSolution
		HideSolutionNode = FALSE
	EndGlobalSection
	GlobalSection(ExtensibilityGlobals) = postSolution
		SolutionGuid = {9723D9CE-0726-40B0-8526-C2E923359688}
	EndGlobalSection
EndGlobal
